
Microsoft Visual Studio Solution File, Format Version 12.00
# Visual Studio Version 17
VisualStudioVersion = 17.7.34003.232
MinimumVisualStudioVersion = 10.0.40219.1
Project("{9A19103F-16F7-4668-BE54-9A1E7A4F7556}") = "bakaChiefApplication.API", "bakaChiefApplication.API\bakaChiefApplication.API.csproj", "{F2A0AE7D-A697-4C8D-8BF3-DF60C3017B6A}"
EndProject
Project("{FAE04EC0-301F-11D3-BF4B-00C04F79EFBC}") = "bakaChiefApplication.API.Tests", "bakaChiefApplication.API.Tests\bakaChiefApplication.API.Tests.csproj", "{62732A0B-336A-4841-8BC7-3E88FC38B5BE}"
EndProject
Global
	GlobalSection(SolutionConfigurationPlatforms) = preSolution
		Debug|Any CPU = Debug|Any CPU
		Release|Any CPU = Release|Any CPU
	EndGlobalSection
	GlobalSection(ProjectConfigurationPlatforms) = postSolution
		{F2A0AE7D-A697-4C8D-8BF3-DF60C3017B6A}.Debug|Any CPU.ActiveCfg = Debug|Any CPU
		{F2A0AE7D-A697-4C8D-8BF3-DF60C3017B6A}.Debug|Any CPU.Build.0 = Debug|Any CPU
		{F2A0AE7D-A697-4C8D-8BF3-DF60C3017B6A}.Release|Any CPU.ActiveCfg = Release|Any CPU
		{F2A0AE7D-A697-4C8D-8BF3-DF60C3017B6A}.Release|Any CPU.Build.0 = Release|Any CPU
		{62732A0B-336A-4841-8BC7-3E88FC38B5BE}.Debug|Any CPU.ActiveCfg = Debug|Any CPU
		{62732A0B-336A-4841-8BC7-3E88FC38B5BE}.Debug|Any CPU.Build.0 = Debug|Any CPU
		{62732A0B-336A-4841-8BC7-3E88FC38B5BE}.Release|Any CPU.ActiveCfg = Release|Any CPU
		{62732A0B-336A-4841-8BC7-3E88FC38B5BE}.Release|Any CPU.Build.0 = Release|Any CPU
	EndGlobalSection
	GlobalSection(SolutionProperties) = preSolution
		HideSolutionNode = FALSE
	EndGlobalSection
	GlobalSection(ExtensibilityGlobals) = postSolution
		SolutionGuid = {A3FFE3DB-CEAB-43FC-B34C-FDE986ADD50C}
	EndGlobalSection
EndGlobal
